PODS:
  - Alamofire (4.6.0)
  - FoldingCell (3.0.3)
  - Kingfisher (4.6.2)
  - SnapKit (4.0.0)

DEPENDENCIES:
  - Alamofire
  - FoldingCell
  - Kingfisher
  - SnapKit

SPEC CHECKSUMS:
  Alamofire: f41a599bd63041760b26d393ec1069d9d7b917f4
  FoldingCell: 76ce5d1ddba34c6d25548b473b7b51585e992da0
  Kingfisher: 55b9c395bf8d3949676ad3861111923990ab68cf
  SnapKit: a42d492c16e80209130a3379f73596c3454b7694

PODFILE CHECKSUM: 8fc7823d2919263f15c50ed174add44113d651a4

COCOAPODS: 1.4.0
